
Microsoft Visual Studio Solution File, Format Version 12.00
# Visual Studio Version 16
VisualStudioVersion = 16.0.808.10
MinimumVisualStudioVersion = 10.0.40219.1
Project("{FAE04EC0-301F-11D3-BF4B-00C04F79EFBC}") = "ClientAgence", "ClientAgence.csproj", "{28138F11-8761-4071-8CF1-8EEA51A240D4}"
EndProject
Global
	GlobalSection(SolutionConfigurationPlatforms) = preSolution
		Debug|Any CPU = Debug|Any CPU
		Release|Any CPU = Release|Any CPU
	EndGlobalSection
	GlobalSection(ProjectConfigurationPlatforms) = postSolution
		{28138F11-8761-4071-8CF1-8EEA51A240D4}.Debug|Any CPU.ActiveCfg = Debug|Any CPU
		{28138F11-8761-4071-8CF1-8EEA51A240D4}.Debug|Any CPU.Build.0 = Debug|Any CPU
		{28138F11-8761-4071-8CF1-8EEA51A240D4}.Release|Any CPU.ActiveCfg = Release|Any CPU
		{28138F11-8761-4071-8CF1-8EEA51A240D4}.Release|Any CPU.Build.0 = Release|Any CPU
	EndGlobalSection
	GlobalSection(SolutionProperties) = preSolution
		HideSolutionNode = FALSE
	EndGlobalSection
	GlobalSection(ExtensibilityGlobals) = postSolution
		SolutionGuid = {15BD8D28-CE89-4280-B8D9-E451D7112278}
	EndGlobalSection
EndGlobal
